
Microsoft Visual Studio Solution File, Format Version 11.00
# Visual Studio 2010
Project("{FAE04EC0-301F-11D3-BF4B-00C04F79EFBC}") = "mstum.utils", "mstum.utils\mstum.utils.csproj", "{98C0831A-8ABC-4681-9A6B-D50DF0160732}"
EndProject
Project("{FAE04EC0-301F-11D3-BF4B-00C04F79EFBC}") = "mstum.utils.tests", "mstum.utils.tests\mstum.utils.tests.csproj", "{967598E3-4AE3-444B-B576-251B625454B2}"
EndProject
Project("{2150E333-8FDC-42A3-9474-1A3956D46DE8}") = "Solution Items", "Solution Items", "{DE9572B1-1D32-451D-9505-72111E424D00}"
	ProjectSection(SolutionItems) = preProject
		Local.testsettings = Local.testsettings
		mstum.utils.vsmdi = mstum.utils.vsmdi
	EndProjectSection
EndProject
Global
	GlobalSection(TestCaseManagementSettings) = postSolution
		CategoryFile = mstum.utils.vsmdi
	EndGlobalSection
	GlobalSection(SolutionConfigurationPlatforms) = preSolution
		Debug|Any CPU = Debug|Any CPU
		Release|Any CPU = Release|Any CPU
	EndGlobalSection
	GlobalSection(ProjectConfigurationPlatforms) = postSolution
		{98C0831A-8ABC-4681-9A6B-D50DF0160732}.Debug|Any CPU.ActiveCfg = Debug|Any CPU
		{98C0831A-8ABC-4681-9A6B-D50DF0160732}.Debug|Any CPU.Build.0 = Debug|Any CPU
		{98C0831A-8ABC-4681-9A6B-D50DF0160732}.Release|Any CPU.ActiveCfg = Release|Any CPU
		{98C0831A-8ABC-4681-9A6B-D50DF0160732}.Release|Any CPU.Build.0 = Release|Any CPU
		{967598E3-4AE3-444B-B576-251B625454B2}.Debug|Any CPU.ActiveCfg = Debug|Any CPU
		{967598E3-4AE3-444B-B576-251B625454B2}.Debug|Any CPU.Build.0 = Debug|Any CPU
		{967598E3-4AE3-444B-B576-251B625454B2}.Release|Any CPU.ActiveCfg = Release|Any CPU
		{967598E3-4AE3-444B-B576-251B625454B2}.Release|Any CPU.Build.0 = Release|Any CPU
	EndGlobalSection
	GlobalSection(SolutionProperties) = preSolution
		HideSolutionNode = FALSE
	EndGlobalSection
EndGlobal
